
Microsoft Visual Studio Solution File, Format Version 11.00
# Visual Studio 2010
Project("{FAE04EC0-301F-11D3-BF4B-00C04F79EFBC}") = "SlowMotionController", "SlowMotionController\SlowMotionController.csproj", "{E6A0D63C-2FA3-4D0E-8B3C-E34A3FCAC261}"
EndProject
Project("{2150E333-8FDC-42A3-9474-1A3956D46DE8}") = "Solution Items", "Solution Items", "{5B1E6EC4-4ADA-4CAD-A403-86E989823B3A}"
	ProjectSection(SolutionItems) = preProject
		LICENSE.md = LICENSE.md
		README.md = README.md
	EndProjectSection
EndProject
Global
	GlobalSection(SolutionConfigurationPlatforms) = preSolution
		Debug|Any CPU = Debug|Any CPU
		Debug|x64 = Debug|x64
		Debug|x86 = Debug|x86
		Develop|Any CPU = Develop|Any CPU
		Develop|x64 = Develop|x64
		Develop|x86 = Develop|x86
		Release|Any CPU = Release|Any CPU
		Release|x64 = Release|x64
		Release|x86 = Release|x86
	EndGlobalSection
	GlobalSection(ProjectConfigurationPlatforms) = postSolution
		{E6A0D63C-2FA3-4D0E-8B3C-E34A3FCAC261}.Debug|Any CPU.ActiveCfg = Debug|x86
		{E6A0D63C-2FA3-4D0E-8B3C-E34A3FCAC261}.Debug|x64.ActiveCfg = Debug|x86
		{E6A0D63C-2FA3-4D0E-8B3C-E34A3FCAC261}.Debug|x86.ActiveCfg = Debug|x86
		{E6A0D63C-2FA3-4D0E-8B3C-E34A3FCAC261}.Debug|x86.Build.0 = Debug|x86
		{E6A0D63C-2FA3-4D0E-8B3C-E34A3FCAC261}.Develop|Any CPU.ActiveCfg = Debug|x86
		{E6A0D63C-2FA3-4D0E-8B3C-E34A3FCAC261}.Develop|x64.ActiveCfg = Debug|x86
		{E6A0D63C-2FA3-4D0E-8B3C-E34A3FCAC261}.Develop|x86.ActiveCfg = Debug|x86
		{E6A0D63C-2FA3-4D0E-8B3C-E34A3FCAC261}.Develop|x86.Build.0 = Debug|x86
		{E6A0D63C-2FA3-4D0E-8B3C-E34A3FCAC261}.Release|Any CPU.ActiveCfg = Release|x86
		{E6A0D63C-2FA3-4D0E-8B3C-E34A3FCAC261}.Release|x64.ActiveCfg = Release|x86
		{E6A0D63C-2FA3-4D0E-8B3C-E34A3FCAC261}.Release|x86.ActiveCfg = Release|x86
		{E6A0D63C-2FA3-4D0E-8B3C-E34A3FCAC261}.Release|x86.Build.0 = Release|x86
	EndGlobalSection
	GlobalSection(SolutionProperties) = preSolution
		HideSolutionNode = FALSE
	EndGlobalSection
EndGlobal
